
Microsoft Visual Studio Solution File, Format Version 12.00
# Visual Studio Version 17
VisualStudioVersion = 17.7.34031.279
MinimumVisualStudioVersion = 10.0.40219.1
Project("{FAE04EC0-301F-11D3-BF4B-00C04F79EFBC}") = "Zadanie5", "Zadanie5\Zadanie5.csproj", "{EC80D240-A5FE-4E3E-81CE-93A0133463F4}"
EndProject
Global
	GlobalSection(SolutionConfigurationPlatforms) = preSolution
		Debug|Any CPU = Debug|Any CPU
		Release|Any CPU = Release|Any CPU
	EndGlobalSection
	GlobalSection(ProjectConfigurationPlatforms) = postSolution
		{EC80D240-A5FE-4E3E-81CE-93A0133463F4}.Debug|Any CPU.ActiveCfg = Debug|Any CPU
		{EC80D240-A5FE-4E3E-81CE-93A0133463F4}.Debug|Any CPU.Build.0 = Debug|Any CPU
		{EC80D240-A5FE-4E3E-81CE-93A0133463F4}.Release|Any CPU.ActiveCfg = Release|Any CPU
		{EC80D240-A5FE-4E3E-81CE-93A0133463F4}.Release|Any CPU.Build.0 = Release|Any CPU
	EndGlobalSection
	GlobalSection(SolutionProperties) = preSolution
		HideSolutionNode = FALSE
	EndGlobalSection
	GlobalSection(ExtensibilityGlobals) = postSolution
		SolutionGuid = {6E65E2D2-13D6-4A14-915F-A5FD6CA3887B}
	EndGlobalSection
EndGlobal
