
Microsoft Visual Studio Solution File, Format Version 12.00
# Visual Studio Version 17
VisualStudioVersion = 17.7.34031.279
MinimumVisualStudioVersion = 10.0.40219.1
Project("{FAE04EC0-301F-11D3-BF4B-00C04F79EFBC}") = "Zadanie4", "Zadanie4\Zadanie4.csproj", "{0862832E-1A8B-48D8-AFA4-9EF6C42379E3}"
EndProject
Global
	GlobalSection(SolutionConfigurationPlatforms) = preSolution
		Debug|Any CPU = Debug|Any CPU
		Release|Any CPU = Release|Any CPU
	EndGlobalSection
	GlobalSection(ProjectConfigurationPlatforms) = postSolution
		{0862832E-1A8B-48D8-AFA4-9EF6C42379E3}.Debug|Any CPU.ActiveCfg = Debug|Any CPU
		{0862832E-1A8B-48D8-AFA4-9EF6C42379E3}.Debug|Any CPU.Build.0 = Debug|Any CPU
		{0862832E-1A8B-48D8-AFA4-9EF6C42379E3}.Release|Any CPU.ActiveCfg = Release|Any CPU
		{0862832E-1A8B-48D8-AFA4-9EF6C42379E3}.Release|Any CPU.Build.0 = Release|Any CPU
	EndGlobalSection
	GlobalSection(SolutionProperties) = preSolution
		HideSolutionNode = FALSE
	EndGlobalSection
	GlobalSection(ExtensibilityGlobals) = postSolution
		SolutionGuid = {D4E37F30-FCD7-4C0C-8AE3-5D918F8269D3}
	EndGlobalSection
EndGlobal
