
Microsoft Visual Studio Solution File, Format Version 12.00
# Visual Studio Version 17
VisualStudioVersion = 17.7.34031.279
MinimumVisualStudioVersion = 10.0.40219.1
Project("{FAE04EC0-301F-11D3-BF4B-00C04F79EFBC}") = "Zadanie2", "Zadanie2\Zadanie2.csproj", "{B13E938A-4B55-45C8-B29C-740E6AD2003B}"
EndProject
Global
	GlobalSection(SolutionConfigurationPlatforms) = preSolution
		Debug|Any CPU = Debug|Any CPU
		Release|Any CPU = Release|Any CPU
	EndGlobalSection
	GlobalSection(ProjectConfigurationPlatforms) = postSolution
		{B13E938A-4B55-45C8-B29C-740E6AD2003B}.Debug|Any CPU.ActiveCfg = Debug|Any CPU
		{B13E938A-4B55-45C8-B29C-740E6AD2003B}.Debug|Any CPU.Build.0 = Debug|Any CPU
		{B13E938A-4B55-45C8-B29C-740E6AD2003B}.Release|Any CPU.ActiveCfg = Release|Any CPU
		{B13E938A-4B55-45C8-B29C-740E6AD2003B}.Release|Any CPU.Build.0 = Release|Any CPU
	EndGlobalSection
	GlobalSection(SolutionProperties) = preSolution
		HideSolutionNode = FALSE
	EndGlobalSection
	GlobalSection(ExtensibilityGlobals) = postSolution
		SolutionGuid = {72DE1C69-DDA3-4AB3-9A75-54BB20C90025}
	EndGlobalSection
EndGlobal
